<<<<<<< HEAD
﻿
Microsoft Visual Studio Solution File, Format Version 12.00
# Visual Studio 15
Project("{FAE04EC0-301F-11D3-BF4B-00C04F79EFBC}") = "Assembly-CSharp", "Assembly-CSharp.csproj", "{795C80F5-B0A6-1430-33F5-60E167B006AE}"
EndProject
Project("{FAE04EC0-301F-11D3-BF4B-00C04F79EFBC}") = "Assembly-CSharp-Editor", "Assembly-CSharp-Editor.csproj", "{966DB535-3797-B9EB-FCBC-B72C3A39422C}"
EndProject
Global
	GlobalSection(SolutionConfigurationPlatforms) = preSolution
		Debug|Any CPU = Debug|Any CPU
		Release|Any CPU = Release|Any CPU
	EndGlobalSection
	GlobalSection(ProjectConfigurationPlatforms) = postSolution
		{795C80F5-B0A6-1430-33F5-60E167B006AE}.Debug|Any CPU.ActiveCfg = Debug|Any CPU
		{795C80F5-B0A6-1430-33F5-60E167B006AE}.Debug|Any CPU.Build.0 = Debug|Any CPU
		{795C80F5-B0A6-1430-33F5-60E167B006AE}.Release|Any CPU.ActiveCfg = Release|Any CPU
		{795C80F5-B0A6-1430-33F5-60E167B006AE}.Release|Any CPU.Build.0 = Release|Any CPU
		{966DB535-3797-B9EB-FCBC-B72C3A39422C}.Debug|Any CPU.ActiveCfg = Debug|Any CPU
		{966DB535-3797-B9EB-FCBC-B72C3A39422C}.Debug|Any CPU.Build.0 = Debug|Any CPU
		{966DB535-3797-B9EB-FCBC-B72C3A39422C}.Release|Any CPU.ActiveCfg = Release|Any CPU
		{966DB535-3797-B9EB-FCBC-B72C3A39422C}.Release|Any CPU.Build.0 = Release|Any CPU
	EndGlobalSection
	GlobalSection(SolutionProperties) = preSolution
		HideSolutionNode = FALSE
	EndGlobalSection
EndGlobal
=======
﻿
Microsoft Visual Studio Solution File, Format Version 12.00
# Visual Studio 15
Project("{FAE04EC0-301F-11D3-BF4B-00C04F79EFBC}") = "Assembly-CSharp", "Assembly-CSharp.csproj", "{795C80F5-B0A6-1430-33F5-60E167B006AE}"
EndProject
Project("{FAE04EC0-301F-11D3-BF4B-00C04F79EFBC}") = "Assembly-CSharp-Editor", "Assembly-CSharp-Editor.csproj", "{966DB535-3797-B9EB-FCBC-B72C3A39422C}"
EndProject
Global
	GlobalSection(SolutionConfigurationPlatforms) = preSolution
		Debug|Any CPU = Debug|Any CPU
		Release|Any CPU = Release|Any CPU
	EndGlobalSection
	GlobalSection(ProjectConfigurationPlatforms) = postSolution
		{795C80F5-B0A6-1430-33F5-60E167B006AE}.Debug|Any CPU.ActiveCfg = Debug|Any CPU
		{795C80F5-B0A6-1430-33F5-60E167B006AE}.Debug|Any CPU.Build.0 = Debug|Any CPU
		{795C80F5-B0A6-1430-33F5-60E167B006AE}.Release|Any CPU.ActiveCfg = Release|Any CPU
		{795C80F5-B0A6-1430-33F5-60E167B006AE}.Release|Any CPU.Build.0 = Release|Any CPU
		{966DB535-3797-B9EB-FCBC-B72C3A39422C}.Debug|Any CPU.ActiveCfg = Debug|Any CPU
		{966DB535-3797-B9EB-FCBC-B72C3A39422C}.Debug|Any CPU.Build.0 = Debug|Any CPU
		{966DB535-3797-B9EB-FCBC-B72C3A39422C}.Release|Any CPU.ActiveCfg = Release|Any CPU
		{966DB535-3797-B9EB-FCBC-B72C3A39422C}.Release|Any CPU.Build.0 = Release|Any CPU
	EndGlobalSection
	GlobalSection(SolutionProperties) = preSolution
		HideSolutionNode = FALSE
	EndGlobalSection
EndGlobal
>>>>>>> master
